# Pinned base images for PDV Docker builds (tag@digest).
# Regenerate: bash scripts/docker-pin-digests.sh
# Generated: 2026-07-20

MYSQL_IMAGE=mysql:8.4@sha256:c592c15aaf4a1961e15d82eb31ea5987dda862d1c4b1e93424438c0e91dc1f8d
REDIS_IMAGE=redis:7-alpine@sha256:6ab0b6e7381779332f97b8ca76193e45b0756f38d4c0dcda72dbb3c32061ab99
PHP_IMAGE=php:8.3-fpm-bookworm@sha256:2a397791f5ee422190bb673d79332be53ff545205f6df19e2664bd664ebbd739
COMPOSER_IMAGE=composer:2@sha256:5946476338742b200bb9ff88f8be56275ddae4b3949c72305cb0dbf10cfcb760
NODE_IMAGE=node:22-alpine@sha256:16e22a550f3863206a3f701448c45f7912c6896a62de43add43bb9c86130c3e2
NGINX_IMAGE=nginx:1.27-alpine@sha256:65645c7bb6a0661892a8b03b89d0743208a18dd2f3f17a54ef4b76fb8e2f2a10
